// !$*UTF8*$!
{
	archiveVersion = 1;
	classes = {
	};
	objectVersion = 56;
	objects = {

/* Begin PBXBuildFile section */
		B349BA402C6E7D7F00BC3065 /* AppDelegate.swift in Sources */ = {isa = PBXBuildFile; fileRef = B349BA3F2C6E7D7F00BC3065 /* AppDelegate.swift */; };
		B349BA422C6E7D7F00BC3065 /* SceneDelegate.swift in Sources */ = {isa = PBXBuildFile; fileRef = B349BA412C6E7D7F00BC3065 /* SceneDelegate.swift */; };
		B349BA442C6E7D7F00BC3065 /* ViewController.swift in Sources */ = {isa = PBXBuildFile; fileRef = B349BA432C6E7D7F00BC3065 /* ViewController.swift */; };
		B349BA472C6E7D7F00BC3065 /* Main.storyboard in Resources */ = {isa = PBXBuildFile; fileRef = B349BA452C6E7D7F00BC3065 /* Main.storyboard */; };
		B349BA492C6E7D8000BC3065 /* Assets.xcassets in Resources */ = {isa = PBXBuildFile; fileRef = B349BA482C6E7D8000BC3065 /* Assets.xcassets */; };
		B349BA4C2C6E7D8000BC3065 /* LaunchScreen.storyboard in Resources */ = {isa = PBXBuildFile; fileRef = B349BA4A2C6E7D8000BC3065 /* LaunchScreen.storyboard */; };
		B349BA572C6E7DC700BC3065 /* Dishes.swift in Sources */ = {isa = PBXBuildFile; fileRef = B349BA562C6E7DC700BC3065 /* Dishes.swift */; };
/* End PBXBuildFile section */

/* Begin PBXFileReference section */
		B349BA3C2C6E7D7F00BC3065 /* Foope.app */ = {isa = PBXFileReference; explicitFileType = wrapper.application; includeInIndex = 0; path = Foope.app; sourceTree = BUILT_PRODUCTS_DIR; };
		B349BA3F2C6E7D7F00BC3065 /* AppDelegate.swift */ = {isa = PBXFileReference; lastKnownFileType = sourcecode.swift; path = AppDelegate.swift; sourceTree = "<group>"; };
		B349BA412C6E7D7F00BC3065 /* SceneDelegate.swift */ = {isa = PBXFileReference; lastKnownFileType = sourcecode.swift; path = SceneDelegate.swift; sourceTree = "<group>"; };
		B349BA432C6E7D7F00BC3065 /* ViewController.swift */ = {isa = PBXFileReference; lastKnownFileType = sourcecode.swift; path = ViewController.swift; sourceTree = "<group>"; };
		B349BA462C6E7D7F00BC3065 /* Base */ = {isa = PBXFileReference; lastKnownFileType = file.storyboard; name = Base; path = Base.lproj/Main.storyboard; sourceTree = "<group>"; };
		B349BA482C6E7D8000BC3065 /* Assets.xcassets */ = {isa = PBXFileReference; lastKnownFileType = folder.assetcatalog; path = Assets.xcassets; sourceTree = "<group>"; };
		B349BA4B2C6E7D8000BC3065 /* Base */ = {isa = PBXFileReference; lastKnownFileType = file.storyboard; name = Base; path = Base.lproj/LaunchScreen.storyboard; sourceTree = "<group>"; };
		B349BA4D2C6E7D8000BC3065 /* Info.plist */ = {isa = PBXFileReference; lastKnownFileType = text.plist.xml; path = Info.plist; sourceTree = "<group>"; };
		B349BA562C6E7DC700BC3065 /* Dishes.swift */ = {isa = PBXFileReference; lastKnownFileType = sourcecode.swift; path = Dishes.swift; sourceTree = "<group>"; };
/* End PBXFileReference section */

/* Begin PBXFrameworksBuildPhase section */
		B349BA392C6E7D7F00BC3065 /* Frameworks */ = {
			isa = PBXFrameworksBuildPhase;
			buildActionMask = 2147483647;
			files = (
			);
			runOnlyForDeploymentPostprocessing = 0;
		};
/* End PBXFrameworksBuildPhase section */

/* Begin PBXGroup section */
		B349BA332C6E7D7F00BC3065 = {
			isa = PBXGroup;
			children = (
				B349BA3E2C6E7D7F00BC3065 /* Foope */,
				B349BA3D2C6E7D7F00BC3065 /* Products */,
			);
			sourceTree = "<group>";
		};
		B349BA3D2C6E7D7F00BC3065 /* Products */ = {
			isa = PBXGroup;
			children = (
				B349BA3C2C6E7D7F00BC3065 /* Foope.app */,
			);
			name = Products;
			sourceTree = "<group>";
		};
		B349BA3E2C6E7D7F00BC3065 /* Foope */ = {
			isa = PBXGroup;
			children = (
				B349BA552C6E7D9A00BC3065 /* Delegate */,
				B349BA542C6E7D9100BC3065 /* ViewController */,
				B349BA532C6E7D8B00BC3065 /* Model */,
				B349BA452C6E7D7F00BC3065 /* Main.storyboard */,
				B349BA482C6E7D8000BC3065 /* Assets.xcassets */,
				B349BA4A2C6E7D8000BC3065 /* LaunchScreen.storyboard */,
				B349BA4D2C6E7D8000BC3065 /* Info.plist */,
			);
			path = Foope;
			sourceTree = "<group>";
		};
		B349BA532C6E7D8B00BC3065 /* Model */ = {
			isa = PBXGroup;
			children = (
				B349BA562C6E7DC700BC3065 /* Dishes.swift */,
			);
			path = Model;
			sourceTree = "<group>";
		};
		B349BA542C6E7D9100BC3065 /* ViewController */ = {
			isa = PBXGroup;
			children = (
				B349BA432C6E7D7F00BC3065 /* ViewController.swift */,
			);
			path = ViewController;
			sourceTree = "<group>";
		};
		B349BA552C6E7D9A00BC3065 /* Delegate */ = {
			isa = PBXGroup;
			children = (
				B349BA3F2C6E7D7F00BC3065 /* AppDelegate.swift */,
				B349BA412C6E7D7F00BC3065 /* SceneDelegate.swift */,
			);
			path = Delegate;
			sourceTree = "<group>";
		};
/* End PBXGroup section */

/* Begin PBXNativeTarget section */
		B349BA3B2C6E7D7F00BC3065 /* Foope */ = {
			isa = PBXNativeTarget;
			buildConfigurationList = B349BA502C6E7D8000BC3065 /* Build configuration list for PBXNativeTarget "Foope" */;
			buildPhases = (
				B349BA382C6E7D7F00BC3065 /* Sources */,
				B349BA392C6E7D7F00BC3065 /* Frameworks */,
				B349BA3A2C6E7D7F00BC3065 /* Resources */,
			);
			buildRules = (
			);
			dependencies = (
			);
			name = Foope;
			productName = Foope;
			productReference = B349BA3C2C6E7D7F00BC3065 /* Foope.app */;
			productType = "com.apple.product-type.application";
		};
/* End PBXNativeTarget section */

/* Begin PBXProject section */
		B349BA342C6E7D7F00BC3065 /* Project object */ = {
			isa = PBXProject;
			attributes = {
				BuildIndependentTargetsInParallel = 1;
				LastSwiftUpdateCheck = 1520;
				LastUpgradeCheck = 1520;
				TargetAttributes = {
					B349BA3B2C6E7D7F00BC3065 = {
						CreatedOnToolsVersion = 15.2;
					};
				};
			};
			buildConfigurationList = B349BA372C6E7D7F00BC3065 /* Build configuration list for PBXProject "Foope" */;
			compatibilityVersion = "Xcode 14.0";
			developmentRegion = en;
			hasScannedForEncodings = 0;
			knownRegions = (
				en,
				Base,
			);
			mainGroup = B349BA332C6E7D7F00BC3065;
			productRefGroup = B349BA3D2C6E7D7F00BC3065 /* Products */;
			projectDirPath = "";
			projectRoot = "";
			targets = (
				B349BA3B2C6E7D7F00BC3065 /* Foope */,
			);
		};
/* End PBXProject section */

/* Begin PBXResourcesBuildPhase section */
		B349BA3A2C6E7D7F00BC3065 /* Resources */ = {
			isa = PBXResourcesBuildPhase;
			buildActionMask = 2147483647;
			files = (
				B349BA4C2C6E7D8000BC3065 /* LaunchScreen.storyboard in Resources */,
				B349BA492C6E7D8000BC3065 /* Assets.xcassets in Resources */,
				B349BA472C6E7D7F00BC3065 /* Main.storyboard in Resources */,
			);
			runOnlyForDeploymentPostprocessing = 0;
		};
/* End PBXResourcesBuildPhase section */

/* Begin PBXSourcesBuildPhase section */
		B349BA382C6E7D7F00BC3065 /* Sources */ = {
			isa = PBXSourcesBuildPhase;
			buildActionMask = 2147483647;
			files = (
				B349BA442C6E7D7F00BC3065 /* ViewController.swift in Sources */,
				B349BA402C6E7D7F00BC3065 /* AppDelegate.swift in Sources */,
				B349BA422C6E7D7F00BC3065 /* SceneDelegate.swift in Sources */,
				B349BA572C6E7DC700BC3065 /* Dishes.swift in Sources */,
			);
			runOnlyForDeploymentPostprocessing = 0;
		};
/* End PBXSourcesBuildPhase section */

/* Begin PBXVariantGroup section */
		B349BA452C6E7D7F00BC3065 /* Main.storyboard */ = {
			isa = PBXVariantGroup;
			children = (
				B349BA462C6E7D7F00BC3065 /* Base */,
			);
			name = Main.storyboard;
			sourceTree = "<group>";
		};
		B349BA4A2C6E7D8000BC3065 /* LaunchScreen.storyboard */ = {
			isa = PBXVariantGroup;
			children = (
				B349BA4B2C6E7D8000BC3065 /* Base */,
			);
			name = LaunchScreen.storyboard;
			sourceTree = "<group>";
		};
/* End PBXVariantGroup section */

/* Begin XCBuildConfiguration section */
		B349BA4E2C6E7D8000BC3065 /* Debug */ = {
			isa = XCBuildConfiguration;
			buildSettings = {
				ALWAYS_SEARCH_USER_PATHS = NO;
				ASSETCATALOG_COMPILER_GENERATE_SWIFT_ASSET_SYMBOL_EXTENSIONS = YES;
				CLANG_ANALYZER_NONNULL = YES;
				CLANG_ANALYZER_NUMBER_OBJECT_CONVERSION = YES_AGGRESSIVE;
				CLANG_CXX_LANGUAGE_STANDARD = "gnu++20";
				CLANG_ENABLE_MODULES = YES;
				CLANG_ENABLE_OBJC_ARC = YES;
				CLANG_ENABLE_OBJC_WEAK = YES;
				CLANG_WARN_BLOCK_CAPTURE_AUTORELEASING = YES;
				CLANG_WARN_BOOL_CONVERSION = YES;
				CLANG_WARN_COMMA = YES;
				CLANG_WARN_CONSTANT_CONVERSION = YES;
				CLANG_WARN_DEPRECATED_OBJC_IMPLEMENTATIONS = YES;
				CLANG_WARN_DIRECT_OBJC_ISA_USAGE = YES_ERROR;
				CLANG_WARN_DOCUMENTATION_COMMENTS = YES;
				CLANG_WARN_EMPTY_BODY = YES;
				CLANG_WARN_ENUM_CONVERSION = YES;
				CLANG_WARN_INFINITE_RECURSION = YES;
				CLANG_WARN_INT_CONVERSION = YES;
				CLANG_WARN_NON_LITERAL_NULL_CONVERSION = YES;
				CLANG_WARN_OBJC_IMPLICIT_RETAIN_SELF = YES;
				CLANG_WARN_OBJC_LITERAL_CONVERSION = YES;
				CLANG_WARN_OBJC_ROOT_CLASS = YES_ERROR;
				CLANG_WARN_QUOTED_INCLUDE_IN_FRAMEWORK_HEADER = YES;
				CLANG_WARN_RANGE_LOOP_ANALYSIS = YES;
				CLANG_WARN_STRICT_PROTOTYPES = YES;
				CLANG_WARN_SUSPICIOUS_MOVE = YES;
				CLANG_WARN_UNGUARDED_AVAILABILITY = YES_AGGRESSIVE;
				CLANG_WARN_UNREACHABLE_CODE = YES;
				CLANG_WARN__DUPLICATE_METHOD_MATCH = YES;
				COPY_PHASE_STRIP = NO;
				DEBUG_INFORMATION_FORMAT = dwarf;
				ENABLE_STRICT_OBJC_MSGSEND = YES;
				ENABLE_TESTABILITY = YES;
				ENABLE_USER_SCRIPT_SANDBOXING = YES;
				GCC_C_LANGUAGE_STANDARD = gnu17;
				GCC_DYNAMIC_NO_PIC = NO;
				GCC_NO_COMMON_BLOCKS = YES;
				GCC_OPTIMIZATION_LEVEL = 0;
				GCC_PREPROCESSOR_DEFINITIONS = (
					"DEBUG=1",
					"$(inherited)",
				);
				GCC_WARN_64_TO_32_BIT_CONVERSION = YES;
				GCC_WARN_ABOUT_RETURN_TYPE = YES_ERROR;
				GCC_WARN_UNDECLARED_SELECTOR = YES;
				GCC_WARN_UNINITIALIZED_AUTOS = YES_AGGRESSIVE;
				GCC_WARN_UNUSED_FUNCTION = YES;
				GCC_WARN_UNUSED_VARIABLE = YES;
				IPHONEOS_DEPLOYMENT_TARGET = 17.2;
				LOCALIZATION_PREFERS_STRING_CATALOGS = YES;
				MTL_ENABLE_DEBUG_INFO = INCLUDE_SOURCE;
				MTL_FAST_MATH = YES;
				ONLY_ACTIVE_ARCH = YES;
				SDKROOT = iphoneos;
				SWIFT_ACTIVE_COMPILATION_CONDITIONS = "DEBUG $(inherited)";
				SWIFT_OPTIMIZATION_LEVEL = "-Onone";
			};
			name = Debug;
		};
		B349BA4F2C6E7D8000BC3065 /* Release */ = {
			isa = XCBuildConfiguration;
			buildSettings = {
				ALWAYS_SEARCH_USER_PATHS = NO;
				ASSETCATALOG_COMPILER_GENERATE_SWIFT_ASSET_SYMBOL_EXTENSIONS = YES;
				CLANG_ANALYZER_NONNULL = YES;
				CLANG_ANALYZER_NUMBER_OBJECT_CONVERSION = YES_AGGRESSIVE;
				CLANG_CXX_LANGUAGE_STANDARD = "gnu++20";
				CLANG_ENABLE_MODULES = YES;
				CLANG_ENABLE_OBJC_ARC = YES;
				CLANG_ENABLE_OBJC_WEAK = YES;
				CLANG_WARN_BLOCK_CAPTURE_AUTORELEASING = YES;
				CLANG_WARN_BOOL_CONVERSION = YES;
				CLANG_WARN_COMMA = YES;
				CLANG_WARN_CONSTANT_CONVERSION = YES;
				CLANG_WARN_DEPRECATED_OBJC_IMPLEMENTATIONS = YES;
				CLANG_WARN_DIRECT_OBJC_ISA_USAGE = YES_ERROR;
				CLANG_WARN_DOCUMENTATION_COMMENTS = YES;
				CLANG_WARN_EMPTY_BODY = YES;
				CLANG_WARN_ENUM_CONVERSION = YES;
				CLANG_WARN_INFINITE_RECURSION = YES;
				CLANG_WARN_INT_CONVERSION = YES;
				CLANG_WARN_NON_LITERAL_NULL_CONVERSION = YES;
				CLANG_WARN_OBJC_IMPLICIT_RETAIN_SELF = YES;
				CLANG_WARN_OBJC_LITERAL_CONVERSION = YES;
				CLANG_WARN_OBJC_ROOT_CLASS = YES_ERROR;
				CLANG_WARN_QUOTED_INCLUDE_IN_FRAMEWORK_HEADER = YES;
				CLANG_WARN_RANGE_LOOP_ANALYSIS = YES;
				CLANG_WARN_STRICT_PROTOTYPES = YES;
				CLANG_WARN_SUSPICIOUS_MOVE = YES;
				CLANG_WARN_UNGUARDED_AVAILABILITY = YES_AGGRESSIVE;
				CLANG_WARN_UNREACHABLE_CODE = YES;
				CLANG_WARN__DUPLICATE_METHOD_MATCH = YES;
				COPY_PHASE_STRIP = NO;
				DEBUG_INFORMATION_FORMAT = "dwarf-with-dsym";
				ENABLE_NS_ASSERTIONS = NO;
				ENABLE_STRICT_OBJC_MSGSEND = YES;
				ENABLE_USER_SCRIPT_SANDBOXING = YES;
				GCC_C_LANGUAGE_STANDARD = gnu17;
				GCC_NO_COMMON_BLOCKS = YES;
				GCC_WARN_64_TO_32_BIT_CONVERSION = YES;
				GCC_WARN_ABOUT_RETURN_TYPE = YES_ERROR;
				GCC_WARN_UNDECLARED_SELECTOR = YES;
				GCC_WARN_UNINITIALIZED_AUTOS = YES_AGGRESSIVE;
				GCC_WARN_UNUSED_FUNCTION = YES;
				GCC_WARN_UNUSED_VARIABLE = YES;
				IPHONEOS_DEPLOYMENT_TARGET = 17.2;
				LOCALIZATION_PREFERS_STRING_CATALOGS = YES;
				MTL_ENABLE_DEBUG_INFO = NO;
				MTL_FAST_MATH = YES;
				SDKROOT = iphoneos;
				SWIFT_COMPILATION_MODE = wholemodule;
				VALIDATE_PRODUCT = YES;
			};
			name = Release;
		};
		B349BA512C6E7D8000BC3065 /* Debug */ = {
			isa = XCBuildConfiguration;
			buildSettings = {
				ASSETCATALOG_COMPILER_APPICON_NAME = AppIcon;
				ASSETCATALOG_COMPILER_GLOBAL_ACCENT_COLOR_NAME = AccentColor;
				CODE_SIGN_STYLE = Automatic;
				CURRENT_PROJECT_VERSION = 1;
				DEVELOPMENT_TEAM = MAFKHQX2GF;
				GENERATE_INFOPLIST_FILE = YES;
				INFOPLIST_FILE = Foope/Info.plist;
				INFOPLIST_KEY_UIApplicationSupportsIndirectInputEvents = YES;
				INFOPLIST_KEY_UILaunchStoryboardName = LaunchScreen;
				INFOPLIST_KEY_UIMainStoryboardFile = Main;
				INFOPLIST_KEY_UISupportedInterfaceOrientations_iPad = "UIInterfaceOrientationPortrait UIInterfaceOrientationPortraitUpsideDown UIInterfaceOrientationLandscapeLeft UIInterfaceOrientationLandscapeRight";
				INFOPLIST_KEY_UISupportedInterfaceOrientations_iPhone = "UIInterfaceOrientationPortrait UIInterfaceOrientationLandscapeLeft UIInterfaceOrientationLandscapeRight";
				LD_RUNPATH_SEARCH_PATHS = (
					"$(inherited)",
					"@executable_path/Frameworks",
				);
				MARKETING_VERSION = 1.0;
				PRODUCT_BUNDLE_IDENTIFIER = TermProject.Foope;
				PRODUCT_NAME = "$(TARGET_NAME)";
				SWIFT_EMIT_LOC_STRINGS = YES;
				SWIFT_VERSION = 5.0;
				TARGETED_DEVICE_FAMILY = "1,2";
			};
			name = Debug;
		};
		B349BA522C6E7D8000BC3065 /* Release */ = {
			isa = XCBuildConfiguration;
			buildSettings = {
				ASSETCATALOG_COMPILER_APPICON_NAME = AppIcon;
				ASSETCATALOG_COMPILER_GLOBAL_ACCENT_COLOR_NAME = AccentColor;
				CODE_SIGN_STYLE = Automatic;
				CURRENT_PROJECT_VERSION = 1;
				DEVELOPMENT_TEAM = MAFKHQX2GF;
				GENERATE_INFOPLIST_FILE = YES;
				INFOPLIST_FILE = Foope/Info.plist;
				INFOPLIST_KEY_UIApplicationSupportsIndirectInputEvents = YES;
				INFOPLIST_KEY_UILaunchStoryboardName = LaunchScreen;
				INFOPLIST_KEY_UIMainStoryboardFile = Main;
				INFOPLIST_KEY_UISupportedInterfaceOrientations_iPad = "UIInterfaceOrientationPortrait UIInterfaceOrientationPortraitUpsideDown UIInterfaceOrientationLandscapeLeft UIInterfaceOrientationLandscapeRight";
				INFOPLIST_KEY_UISupportedInterfaceOrientations_iPhone = "UIInterfaceOrientationPortrait UIInterfaceOrientationLandscapeLeft UIInterfaceOrientationLandscapeRight";
				LD_RUNPATH_SEARCH_PATHS = (
					"$(inherited)",
					"@executable_path/Frameworks",
				);
				MARKETING_VERSION = 1.0;
				PRODUCT_BUNDLE_IDENTIFIER = TermProject.Foope;
				PRODUCT_NAME = "$(TARGET_NAME)";
				SWIFT_EMIT_LOC_STRINGS = YES;
				SWIFT_VERSION = 5.0;
				TARGETED_DEVICE_FAMILY = "1,2";
			};
			name = Release;
		};
/* End XCBuildConfiguration section */

/* Begin XCConfigurationList section */
		B349BA372C6E7D7F00BC3065 /* Build configuration list for PBXProject "Foope" */ = {
			isa = XCConfigurationList;
			buildConfigurations = (
				B349BA4E2C6E7D8000BC3065 /* Debug */,
				B349BA4F2C6E7D8000BC3065 /* Release */,
			);
			defaultConfigurationIsVisible = 0;
			defaultConfigurationName = Release;
		};
		B349BA502C6E7D8000BC3065 /* Build configuration list for PBXNativeTarget "Foope" */ = {
			isa = XCConfigurationList;
			buildConfigurations = (
				B349BA512C6E7D8000BC3065 /* Debug */,
				B349BA522C6E7D8000BC3065 /* Release */,
			);
			defaultConfigurationIsVisible = 0;
			defaultConfigurationName = Release;
		};
/* End XCConfigurationList section */
	};
	rootObject = B349BA342C6E7D7F00BC3065 /* Project object */;
}
